# This file is automatically @generated by Cargo.
# It is not intended for manual editing.
[[package]]
name = "bindgen"
version = "0.54.0"
source = "registry+https://github.com/rust-lang/crates.io-index"
checksum = "66c0bb6167449588ff70803f4127f0684f9063097eca5016f37eb52b92c2cf36"
dependencies = [
 "bitflags",
 "cexpr",
 "cfg-if",
 "clang-sys",
 "lazy_static",
 "lazycell",
 "peeking_take_while",
 "proc-macro2",
 "quote",
 "regex",
 "rustc-hash",
 "shlex",
]

[[package]]
name = "bitflags"
version = "1.2.1"
source = "registry+https://github.com/rust-lang/crates.io-index"
checksum = "cf1de2fe8c75bc145a2f577add951f8134889b4795d47466a54a5c846d691693"

[[package]]
name = "byteorder"
version = "1.3.4"
source = "registry+https://github.com/rust-lang/crates.io-index"
checksum = "08c48aae112d48ed9f069b33538ea9e3e90aa263cfa3d1c24309612b1f7472de"

[[package]]
name = "cc"
version = "1.0.59"
source = "registry+https://github.com/rust-lang/crates.io-index"
checksum = "66120af515773fb005778dc07c261bd201ec8ce50bd6e7144c927753fe013381"

[[package]]
name = "cexpr"
version = "0.4.0"
source = "registry+https://github.com/rust-lang/crates.io-index"
checksum = "f4aedb84272dbe89af497cf81375129abda4fc0a9e7c5d317498c15cc30c0d27"
dependencies = [
 "nom",
]

[[package]]
name = "cfg-if"
version = "0.1.10"
source = "registry+https://github.com/rust-lang/crates.io-index"
checksum = "4785bdd1c96b2a846b2bd7cc02e86b6b3dbf14e7e53446c4f54c92a361040822"

[[package]]
name = "clang-sys"
version = "0.29.3"
source = "registry+https://github.com/rust-lang/crates.io-index"
checksum = "fe6837df1d5cba2397b835c8530f51723267e16abbf83892e9e5af4f0e5dd10a"
dependencies = [
 "glob",
 "libc",
]

[[package]]
name = "diesel"
version = "1.4.5"
source = "registry+https://github.com/rust-lang/crates.io-index"
checksum = "3e2de9deab977a153492a1468d1b1c0662c1cf39e5ea87d0c060ecd59ef18d8c"
dependencies = [
 "byteorder",
 "diesel_derives",
 "libsqlite3-sys",
]

[[package]]
name = "diesel_derives"
version = "1.4.1"
source = "registry+https://github.com/rust-lang/crates.io-index"
checksum = "45f5098f628d02a7a0f68ddba586fb61e80edec3bdc1be3b921f4ceec60858d3"
dependencies = [
 "proc-macro2",
 "quote",
 "syn",
]

[[package]]
name = "getrandom"
version = "0.1.15"
source = "registry+https://github.com/rust-lang/crates.io-index"
checksum = "fc587bc0ec293155d5bfa6b9891ec18a1e330c234f896ea47fbada4cadbe47e6"
dependencies = [
 "cfg-if",
 "libc",
 "wasi",
]

[[package]]
name = "glob"
version = "0.3.0"
source = "registry+https://github.com/rust-lang/crates.io-index"
checksum = "9b919933a397b79c37e33b77bb2aa3dc8eb6e165ad809e58ff75bc7db2e34574"

[[package]]
name = "lazy_static"
version = "1.4.0"
source = "registry+https://github.com/rust-lang/crates.io-index"
checksum = "e2abad23fbc42b3700f2f279844dc832adb2b2eb069b2df918f455c4e18cc646"

[[package]]
name = "lazycell"
version = "1.3.0"
source = "registry+https://github.com/rust-lang/crates.io-index"
checksum = "830d08ce1d1d941e6b30645f1a0eb5643013d835ce3779a5fc208261dbe10f55"

[[package]]
name = "libc"
version = "0.2.77"
source = "registry+https://github.com/rust-lang/crates.io-index"
checksum = "f2f96b10ec2560088a8e76961b00d47107b3a625fecb76dedb29ee7ccbf98235"

[[package]]
name = "libsqlite3-sys"
version = "0.18.0"
source = "registry+https://github.com/rust-lang/crates.io-index"
checksum = "1e704a02bcaecd4a08b93a23f6be59d0bd79cd161e0963e9499165a0a35df7bd"
dependencies = [
 "pkg-config",
 "vcpkg",
]

[[package]]
name = "memchr"
version = "2.3.3"
source = "registry+https://github.com/rust-lang/crates.io-index"
checksum = "3728d817d99e5ac407411fa471ff9800a778d88a24685968b36824eaf4bee400"

[[package]]
name = "nom"
version = "5.1.2"
source = "registry+https://github.com/rust-lang/crates.io-index"
checksum = "ffb4262d26ed83a1c0a33a38fe2bb15797329c85770da05e6b828ddb782627af"
dependencies = [
 "memchr",
 "version_check",
]

[[package]]
name = "peeking_take_while"
version = "0.1.2"
source = "registry+https://github.com/rust-lang/crates.io-index"
checksum = "19b17cddbe7ec3f8bc800887bab5e717348c95ea2ca0b1bf0837fb964dc67099"

[[package]]
name = "pkg-config"
version = "0.3.18"
source = "registry+https://github.com/rust-lang/crates.io-index"
checksum = "d36492546b6af1463394d46f0c834346f31548646f6ba10849802c9c9a27ac33"

[[package]]
name = "ppv-lite86"
version = "0.2.9"
source = "registry+https://github.com/rust-lang/crates.io-index"
checksum = "c36fa947111f5c62a733b652544dd0016a43ce89619538a8ef92724a6f501a20"

[[package]]
name = "proc-macro2"
version = "1.0.21"
source = "registry+https://github.com/rust-lang/crates.io-index"
checksum = "36e28516df94f3dd551a587da5357459d9b36d945a7c37c3557928c1c2ff2a2c"
dependencies = [
 "unicode-xid",
]

[[package]]
name = "quote"
version = "1.0.7"
source = "registry+https://github.com/rust-lang/crates.io-index"
checksum = "aa563d17ecb180e500da1cfd2b028310ac758de548efdd203e18f283af693f37"
dependencies = [
 "proc-macro2",
]

[[package]]
name = "rand"
version = "0.7.3"
source = "registry+https://github.com/rust-lang/crates.io-index"
checksum = "6a6b1679d49b24bbfe0c803429aa1874472f50d9b363131f0e89fc356b544d03"
dependencies = [
 "getrandom",
 "libc",
 "rand_chacha",
 "rand_core",
 "rand_hc",
]

[[package]]
name = "rand_chacha"
version = "0.2.2"
source = "registry+https://github.com/rust-lang/crates.io-index"
checksum = "f4c8ed856279c9737206bf725bf36935d8666ead7aa69b52be55af369d193402"
dependencies = [
 "ppv-lite86",
 "rand_core",
]

[[package]]
name = "rand_core"
version = "0.5.1"
source = "registry+https://github.com/rust-lang/crates.io-index"
checksum = "90bde5296fc891b0cef12a6d03ddccc162ce7b2aff54160af9338f8d40df6d19"
dependencies = [
 "getrandom",
]

[[package]]
name = "rand_hc"
version = "0.2.0"
source = "registry+https://github.com/rust-lang/crates.io-index"
checksum = "ca3129af7b92a17112d59ad498c6f81eaf463253766b90396d39ea7a39d6613c"
dependencies = [
 "rand_core",
]

[[package]]
name = "regex"
version = "1.3.9"
source = "registry+https://github.com/rust-lang/crates.io-index"
checksum = "9c3780fcf44b193bc4d09f36d2a3c87b251da4a046c87795a0d35f4f927ad8e6"
dependencies = [
 "regex-syntax",
]

[[package]]
name = "regex-syntax"
version = "0.6.18"
source = "registry+https://github.com/rust-lang/crates.io-index"
checksum = "26412eb97c6b088a6997e05f69403a802a92d520de2f8e63c2b65f9e0f47c4e8"

[[package]]
name = "rppal"
version = "0.11.3"
source = "registry+https://github.com/rust-lang/crates.io-index"
checksum = "137dbba1fb867daa27cda4c3cd6a11bca5bb5a1551f034cf9319b994846ddbe1"
dependencies = [
 "lazy_static",
 "libc",
]

[[package]]
name = "rs_ws281x"
version = "0.3.1"
source = "registry+https://github.com/rust-lang/crates.io-index"
checksum = "c38c41f49c9979551ba6d210bf46fca0b38049fc823c1264297c1460a14f05c5"
dependencies = [
 "bindgen",
 "cc",
 "serde",
 "serde_derive",
]

[[package]]
name = "rustc-hash"
version = "1.1.0"
source = "registry+https://github.com/rust-lang/crates.io-index"
checksum = "08d43f7aa6b08d49f382cde6a7982047c3426db949b1424bc4b7ec9ae12c6ce2"

[[package]]
name = "serde"
version = "1.0.116"
source = "registry+https://github.com/rust-lang/crates.io-index"
checksum = "96fe57af81d28386a513cbc6858332abc6117cfdb5999647c6444b8f43a370a5"

[[package]]
name = "serde_derive"
version = "1.0.116"
source = "registry+https://github.com/rust-lang/crates.io-index"
checksum = "f630a6370fd8e457873b4bd2ffdae75408bc291ba72be773772a4c2a065d9ae8"
dependencies = [
 "proc-macro2",
 "quote",
 "syn",
]

[[package]]
name = "shlex"
version = "0.1.1"
source = "registry+https://github.com/rust-lang/crates.io-index"
checksum = "7fdf1b9db47230893d76faad238fd6097fd6d6a9245cd7a4d90dbd639536bbd2"

[[package]]
name = "simualtion"
version = "0.1.0"
dependencies = [
 "diesel",
 "rand",
 "rppal",
 "rs_ws281x",
 "serde",
 "serde_derive",
]

[[package]]
name = "syn"
version = "1.0.41"
source = "registry+https://github.com/rust-lang/crates.io-index"
checksum = "6690e3e9f692504b941dc6c3b188fd28df054f7fb8469ab40680df52fdcc842b"
dependencies = [
 "proc-macro2",
 "quote",
 "unicode-xid",
]

[[package]]
name = "unicode-xid"
version = "0.2.1"
source = "registry+https://github.com/rust-lang/crates.io-index"
checksum = "f7fe0bb3479651439c9112f72b6c505038574c9fbb575ed1bf3b797fa39dd564"

[[package]]
name = "vcpkg"
version = "0.2.10"
source = "registry+https://github.com/rust-lang/crates.io-index"
checksum = "6454029bf181f092ad1b853286f23e2c507d8e8194d01d92da4a55c274a5508c"

[[package]]
name = "version_check"
version = "0.9.2"
source = "registry+https://github.com/rust-lang/crates.io-index"
checksum = "b5a972e5669d67ba988ce3dc826706fb0a8b01471c088cb0b6110b805cc36aed"

[[package]]
name = "wasi"
version = "0.9.0+wasi-snapshot-preview1"
source = "registry+https://github.com/rust-lang/crates.io-index"
checksum = "cccddf32554fecc6acb585f82a32a72e28b48f8c4c1883ddfeeeaa96f7d8e519"
